{
  "requires": true,
  "lockfileVersion": 1,
  "dependencies": {
    "typeface-catamaran": {
      "version": "0.0.72",
      "resolved": "https://registry.npmjs.org/typeface-catamaran/-/typeface-catamaran-0.0.72.tgz",
      "integrity": "sha512-6l9gq/IPseoC40lv/etxdUlIR2RHBKpAm+vu3lwt03Jd4i2+VOhKS/fOz1n0YpRjkz8QyG2qFwYjcoLT02/2qw=="
    },
    "typeface-lato": {
      "version": "0.0.75",
      "resolved": "https://registry.npmjs.org/typeface-lato/-/typeface-lato-0.0.75.tgz",
      "integrity": "sha512-iA5uJD4PSTyIE4BDiSOexQeXkDkiJuX4Hu3wh3saJ06EB2TvJayab1Lbbmqq2je/LQv7KCQZHZmC0k4hedd8sw=="
    },
    "typeface-muli": {
      "version": "0.0.71",
      "resolved": "https://registry.npmjs.org/typeface-muli/-/typeface-muli-0.0.71.tgz",
      "integrity": "sha512-gWRJSv8D938dsngyYSrx3vLLPtuYwTHuDqa0isvB+p3x6f72QnWBbpKns+BNOe3P+7xsWZcTxQWbIrbGzfzq+w=="
    }
  }
}
